
Microsoft Visual Studio Solution File, Format Version 12.00
# Visual Studio 15
VisualStudioVersion = 15.0.26228.9
MinimumVisualStudioVersion = 10.0.40219.1
Project("{FAE04EC0-301F-11D3-BF4B-00C04F79EFBC}") = "jit-diff", "src\jit-diff\jit-diff.csproj", "{65EEABA3-9ABC-40EE-B11E-D3488D8CE03F}"
EndProject
Project("{FAE04EC0-301F-11D3-BF4B-00C04F79EFBC}") = "jit-dasm", "src\jit-dasm\jit-dasm.csproj", "{B6A34259-6CBD-41D2-95A7-7ED22AD0147F}"
EndProject
Project("{FAE04EC0-301F-11D3-BF4B-00C04F79EFBC}") = "cijobs", "src\cijobs\cijobs.csproj", "{6AD12015-FF0F-40C6-B453-C012E1DEAE02}"
EndProject
Project("{FAE04EC0-301F-11D3-BF4B-00C04F79EFBC}") = "jit-analyze", "src\jit-analyze\jit-analyze.csproj", "{AD8C9498-0729-4DC0-A11A-01DB9BAD3D95}"
EndProject
Project("{FAE04EC0-301F-11D3-BF4B-00C04F79EFBC}") = "jit-format", "src\jit-format\jit-format.csproj", "{4493C096-D44B-408D-A8D9-D4D5C549088B}"
EndProject
Project("{FAE04EC0-301F-11D3-BF4B-00C04F79EFBC}") = "packages", "src\packages\packages.csproj", "{812E6C0B-C639-4967-948C-EC380CFD2EA1}"
EndProject
Global
	GlobalSection(SolutionConfigurationPlatforms) = preSolution
		Debug|Any CPU = Debug|Any CPU
		Release|Any CPU = Release|Any CPU
	EndGlobalSection
	GlobalSection(ProjectConfigurationPlatforms) = postSolution
		{65EEABA3-9ABC-40EE-B11E-D3488D8CE03F}.Debug|Any CPU.ActiveCfg = Debug|Any CPU
		{65EEABA3-9ABC-40EE-B11E-D3488D8CE03F}.Debug|Any CPU.Build.0 = Debug|Any CPU
		{65EEABA3-9ABC-40EE-B11E-D3488D8CE03F}.Release|Any CPU.ActiveCfg = Release|Any CPU
		{65EEABA3-9ABC-40EE-B11E-D3488D8CE03F}.Release|Any CPU.Build.0 = Release|Any CPU
		{B6A34259-6CBD-41D2-95A7-7ED22AD0147F}.Debug|Any CPU.ActiveCfg = Debug|Any CPU
		{B6A34259-6CBD-41D2-95A7-7ED22AD0147F}.Debug|Any CPU.Build.0 = Debug|Any CPU
		{B6A34259-6CBD-41D2-95A7-7ED22AD0147F}.Release|Any CPU.ActiveCfg = Release|Any CPU
		{B6A34259-6CBD-41D2-95A7-7ED22AD0147F}.Release|Any CPU.Build.0 = Release|Any CPU
		{6AD12015-FF0F-40C6-B453-C012E1DEAE02}.Debug|Any CPU.ActiveCfg = Debug|Any CPU
		{6AD12015-FF0F-40C6-B453-C012E1DEAE02}.Debug|Any CPU.Build.0 = Debug|Any CPU
		{6AD12015-FF0F-40C6-B453-C012E1DEAE02}.Release|Any CPU.ActiveCfg = Release|Any CPU
		{6AD12015-FF0F-40C6-B453-C012E1DEAE02}.Release|Any CPU.Build.0 = Release|Any CPU
		{AD8C9498-0729-4DC0-A11A-01DB9BAD3D95}.Debug|Any CPU.ActiveCfg = Debug|Any CPU
		{AD8C9498-0729-4DC0-A11A-01DB9BAD3D95}.Debug|Any CPU.Build.0 = Debug|Any CPU
		{AD8C9498-0729-4DC0-A11A-01DB9BAD3D95}.Release|Any CPU.ActiveCfg = Release|Any CPU
		{AD8C9498-0729-4DC0-A11A-01DB9BAD3D95}.Release|Any CPU.Build.0 = Release|Any CPU
		{4493C096-D44B-408D-A8D9-D4D5C549088B}.Debug|Any CPU.ActiveCfg = Debug|Any CPU
		{4493C096-D44B-408D-A8D9-D4D5C549088B}.Debug|Any CPU.Build.0 = Debug|Any CPU
		{4493C096-D44B-408D-A8D9-D4D5C549088B}.Release|Any CPU.ActiveCfg = Release|Any CPU
		{4493C096-D44B-408D-A8D9-D4D5C549088B}.Release|Any CPU.Build.0 = Release|Any CPU
		{812E6C0B-C639-4967-948C-EC380CFD2EA1}.Debug|Any CPU.ActiveCfg = Debug|Any CPU
		{812E6C0B-C639-4967-948C-EC380CFD2EA1}.Debug|Any CPU.Build.0 = Debug|Any CPU
		{812E6C0B-C639-4967-948C-EC380CFD2EA1}.Release|Any CPU.ActiveCfg = Release|Any CPU
		{812E6C0B-C639-4967-948C-EC380CFD2EA1}.Release|Any CPU.Build.0 = Release|Any CPU
	EndGlobalSection
	GlobalSection(SolutionProperties) = preSolution
		HideSolutionNode = FALSE
	EndGlobalSection
EndGlobal
