
Microsoft Visual Studio Solution File, Format Version 12.00
# Visual Studio 14
VisualStudioVersion = 14.0.25420.1
MinimumVisualStudioVersion = 10.0.40219.1
Project("{13B669BE-BB05-4DDF-9536-439F39A36129}") = "cijobs", "src\cijobs\cijobs.csproj", "{3202F957-6F44-4BAD-A1B1-D38499D665D9}"
EndProject
Project("{13B669BE-BB05-4DDF-9536-439F39A36129}") = "jit-analyze", "src\jit-analyze\jit-analyze.csproj", "{7AD4857A-9BA1-4022-8701-4F50298FE1A2}"
EndProject
Project("{13B669BE-BB05-4DDF-9536-439F39A36129}") = "jit-dasm", "src\jit-dasm\jit-dasm.csproj", "{CB566B7A-856B-40F8-9253-F5CE4EBE42D8}"
EndProject
Project("{13B669BE-BB05-4DDF-9536-439F39A36129}") = "jit-diff", "src\jit-diff\jit-diff.csproj", "{DDE458A5-7CAD-49D7-9A08-515DA62A72E1}"
EndProject
Project("{13B669BE-BB05-4DDF-9536-439F39A36129}") = "jit-format", "src\jit-format\jit-format.csproj", "{EC548208-9DE2-4284-82C6-F5FEC2F72E87}"
EndProject
Project("{13B669BE-BB05-4DDF-9536-439F39A36129}") = "packages", "src\packages\packages.csproj", "{BC0E1CBC-BF8B-4F9E-BA3C-167B1490590A}"
EndProject
Global
	GlobalSection(SolutionConfigurationPlatforms) = preSolution
		Debug|Any CPU = Debug|Any CPU
		Debug|x64 = Debug|x64
		Debug|x86 = Debug|x86
		Release|Any CPU = Release|Any CPU
		Release|x64 = Release|x64
		Release|x86 = Release|x86
	EndGlobalSection
	GlobalSection(ProjectConfigurationPlatforms) = postSolution
		{3202F957-6F44-4BAD-A1B1-D38499D665D9}.Debug|Any CPU.ActiveCfg = Debug|Any CPU
		{3202F957-6F44-4BAD-A1B1-D38499D665D9}.Debug|Any CPU.Build.0 = Debug|Any CPU
		{3202F957-6F44-4BAD-A1B1-D38499D665D9}.Debug|x64.ActiveCfg = Debug|x64
		{3202F957-6F44-4BAD-A1B1-D38499D665D9}.Debug|x64.Build.0 = Debug|x64
		{3202F957-6F44-4BAD-A1B1-D38499D665D9}.Debug|x86.ActiveCfg = Debug|x86
		{3202F957-6F44-4BAD-A1B1-D38499D665D9}.Debug|x86.Build.0 = Debug|x86
		{3202F957-6F44-4BAD-A1B1-D38499D665D9}.Release|Any CPU.ActiveCfg = Release|Any CPU
		{3202F957-6F44-4BAD-A1B1-D38499D665D9}.Release|Any CPU.Build.0 = Release|Any CPU
		{3202F957-6F44-4BAD-A1B1-D38499D665D9}.Release|x64.ActiveCfg = Release|x64
		{3202F957-6F44-4BAD-A1B1-D38499D665D9}.Release|x64.Build.0 = Release|x64
		{3202F957-6F44-4BAD-A1B1-D38499D665D9}.Release|x86.ActiveCfg = Release|x86
		{3202F957-6F44-4BAD-A1B1-D38499D665D9}.Release|x86.Build.0 = Release|x86
		{7AD4857A-9BA1-4022-8701-4F50298FE1A2}.Debug|Any CPU.ActiveCfg = Debug|Any CPU
		{7AD4857A-9BA1-4022-8701-4F50298FE1A2}.Debug|Any CPU.Build.0 = Debug|Any CPU
		{7AD4857A-9BA1-4022-8701-4F50298FE1A2}.Debug|x64.ActiveCfg = Debug|x64
		{7AD4857A-9BA1-4022-8701-4F50298FE1A2}.Debug|x64.Build.0 = Debug|x64
		{7AD4857A-9BA1-4022-8701-4F50298FE1A2}.Debug|x86.ActiveCfg = Debug|x86
		{7AD4857A-9BA1-4022-8701-4F50298FE1A2}.Debug|x86.Build.0 = Debug|x86
		{7AD4857A-9BA1-4022-8701-4F50298FE1A2}.Release|Any CPU.ActiveCfg = Release|Any CPU
		{7AD4857A-9BA1-4022-8701-4F50298FE1A2}.Release|Any CPU.Build.0 = Release|Any CPU
		{7AD4857A-9BA1-4022-8701-4F50298FE1A2}.Release|x64.ActiveCfg = Release|x64
		{7AD4857A-9BA1-4022-8701-4F50298FE1A2}.Release|x64.Build.0 = Release|x64
		{7AD4857A-9BA1-4022-8701-4F50298FE1A2}.Release|x86.ActiveCfg = Release|x86
		{7AD4857A-9BA1-4022-8701-4F50298FE1A2}.Release|x86.Build.0 = Release|x86
		{CB566B7A-856B-40F8-9253-F5CE4EBE42D8}.Debug|Any CPU.ActiveCfg = Debug|Any CPU
		{CB566B7A-856B-40F8-9253-F5CE4EBE42D8}.Debug|Any CPU.Build.0 = Debug|Any CPU
		{CB566B7A-856B-40F8-9253-F5CE4EBE42D8}.Debug|x64.ActiveCfg = Debug|x64
		{CB566B7A-856B-40F8-9253-F5CE4EBE42D8}.Debug|x64.Build.0 = Debug|x64
		{CB566B7A-856B-40F8-9253-F5CE4EBE42D8}.Debug|x86.ActiveCfg = Debug|x86
		{CB566B7A-856B-40F8-9253-F5CE4EBE42D8}.Debug|x86.Build.0 = Debug|x86
		{CB566B7A-856B-40F8-9253-F5CE4EBE42D8}.Release|Any CPU.ActiveCfg = Release|Any CPU
		{CB566B7A-856B-40F8-9253-F5CE4EBE42D8}.Release|Any CPU.Build.0 = Release|Any CPU
		{CB566B7A-856B-40F8-9253-F5CE4EBE42D8}.Release|x64.ActiveCfg = Release|x64
		{CB566B7A-856B-40F8-9253-F5CE4EBE42D8}.Release|x64.Build.0 = Release|x64
		{CB566B7A-856B-40F8-9253-F5CE4EBE42D8}.Release|x86.ActiveCfg = Release|x86
		{CB566B7A-856B-40F8-9253-F5CE4EBE42D8}.Release|x86.Build.0 = Release|x86
		{DDE458A5-7CAD-49D7-9A08-515DA62A72E1}.Debug|Any CPU.ActiveCfg = Debug|Any CPU
		{DDE458A5-7CAD-49D7-9A08-515DA62A72E1}.Debug|Any CPU.Build.0 = Debug|Any CPU
		{DDE458A5-7CAD-49D7-9A08-515DA62A72E1}.Debug|x64.ActiveCfg = Debug|x64
		{DDE458A5-7CAD-49D7-9A08-515DA62A72E1}.Debug|x64.Build.0 = Debug|x64
		{DDE458A5-7CAD-49D7-9A08-515DA62A72E1}.Debug|x86.ActiveCfg = Debug|x86
		{DDE458A5-7CAD-49D7-9A08-515DA62A72E1}.Debug|x86.Build.0 = Debug|x86
		{DDE458A5-7CAD-49D7-9A08-515DA62A72E1}.Release|Any CPU.ActiveCfg = Release|Any CPU
		{DDE458A5-7CAD-49D7-9A08-515DA62A72E1}.Release|Any CPU.Build.0 = Release|Any CPU
		{DDE458A5-7CAD-49D7-9A08-515DA62A72E1}.Release|x64.ActiveCfg = Release|x64
		{DDE458A5-7CAD-49D7-9A08-515DA62A72E1}.Release|x64.Build.0 = Release|x64
		{DDE458A5-7CAD-49D7-9A08-515DA62A72E1}.Release|x86.ActiveCfg = Release|x86
		{DDE458A5-7CAD-49D7-9A08-515DA62A72E1}.Release|x86.Build.0 = Release|x86
		{EC548208-9DE2-4284-82C6-F5FEC2F72E87}.Debug|Any CPU.ActiveCfg = Debug|Any CPU
		{EC548208-9DE2-4284-82C6-F5FEC2F72E87}.Debug|Any CPU.Build.0 = Debug|Any CPU
		{EC548208-9DE2-4284-82C6-F5FEC2F72E87}.Debug|x64.ActiveCfg = Debug|x64
		{EC548208-9DE2-4284-82C6-F5FEC2F72E87}.Debug|x64.Build.0 = Debug|x64
		{EC548208-9DE2-4284-82C6-F5FEC2F72E87}.Debug|x86.ActiveCfg = Debug|x86
		{EC548208-9DE2-4284-82C6-F5FEC2F72E87}.Debug|x86.Build.0 = Debug|x86
		{EC548208-9DE2-4284-82C6-F5FEC2F72E87}.Release|Any CPU.ActiveCfg = Release|Any CPU
		{EC548208-9DE2-4284-82C6-F5FEC2F72E87}.Release|Any CPU.Build.0 = Release|Any CPU
		{EC548208-9DE2-4284-82C6-F5FEC2F72E87}.Release|x64.ActiveCfg = Release|x64
		{EC548208-9DE2-4284-82C6-F5FEC2F72E87}.Release|x64.Build.0 = Release|x64
		{EC548208-9DE2-4284-82C6-F5FEC2F72E87}.Release|x86.ActiveCfg = Release|x86
		{EC548208-9DE2-4284-82C6-F5FEC2F72E87}.Release|x86.Build.0 = Release|x86
		{BC0E1CBC-BF8B-4F9E-BA3C-167B1490590A}.Debug|Any CPU.ActiveCfg = Debug|Any CPU
		{BC0E1CBC-BF8B-4F9E-BA3C-167B1490590A}.Debug|Any CPU.Build.0 = Debug|Any CPU
		{BC0E1CBC-BF8B-4F9E-BA3C-167B1490590A}.Debug|x64.ActiveCfg = Debug|x64
		{BC0E1CBC-BF8B-4F9E-BA3C-167B1490590A}.Debug|x64.Build.0 = Debug|x64
		{BC0E1CBC-BF8B-4F9E-BA3C-167B1490590A}.Debug|x86.ActiveCfg = Debug|x86
		{BC0E1CBC-BF8B-4F9E-BA3C-167B1490590A}.Debug|x86.Build.0 = Debug|x86
		{BC0E1CBC-BF8B-4F9E-BA3C-167B1490590A}.Release|Any CPU.ActiveCfg = Release|Any CPU
		{BC0E1CBC-BF8B-4F9E-BA3C-167B1490590A}.Release|Any CPU.Build.0 = Release|Any CPU
		{BC0E1CBC-BF8B-4F9E-BA3C-167B1490590A}.Release|x64.ActiveCfg = Release|x64
		{BC0E1CBC-BF8B-4F9E-BA3C-167B1490590A}.Release|x64.Build.0 = Release|x64
		{BC0E1CBC-BF8B-4F9E-BA3C-167B1490590A}.Release|x86.ActiveCfg = Release|x86
		{BC0E1CBC-BF8B-4F9E-BA3C-167B1490590A}.Release|x86.Build.0 = Release|x86
	EndGlobalSection
EndGlobal
