
Microsoft Visual Studio Solution File, Format Version 12.00
# Visual Studio 15
VisualStudioVersion = 15.0.26124.0
MinimumVisualStudioVersion = 15.0.26124.0
Project("{2150E333-8FDC-42A3-9474-1A3956D46DE8}") = "src", "src", "{69D45FDC-948D-464B-BF14-5675F291FC62}"
EndProject
Project("{FAE04EC0-301F-11D3-BF4B-00C04F79EFBC}") = "cijobs", "src\cijobs\cijobs.csproj", "{5B781D3D-308C-4415-8C68-17D557B143B8}"
EndProject
Project("{FAE04EC0-301F-11D3-BF4B-00C04F79EFBC}") = "jit-analyze", "src\jit-analyze\jit-analyze.csproj", "{BE601D81-9650-4755-84F8-F9BA57284C9D}"
EndProject
Project("{FAE04EC0-301F-11D3-BF4B-00C04F79EFBC}") = "jit-dasm", "src\jit-dasm\jit-dasm.csproj", "{C4C9F6AA-A360-4B27-A8E8-AB55FC383614}"
EndProject
Project("{FAE04EC0-301F-11D3-BF4B-00C04F79EFBC}") = "jit-diff", "src\jit-diff\jit-diff.csproj", "{928320EE-2058-446D-A46E-6C795BBE7C68}"
EndProject
Project("{FAE04EC0-301F-11D3-BF4B-00C04F79EFBC}") = "jit-format", "src\jit-format\jit-format.csproj", "{37E93DAF-2993-4DF0-9E82-06817A3B7956}"
EndProject
Project("{FAE04EC0-301F-11D3-BF4B-00C04F79EFBC}") = "packages", "src\packages\packages.csproj", "{19436C6B-39C9-4A88-8021-3242D098637E}"
EndProject
Project("{FAE04EC0-301F-11D3-BF4B-00C04F79EFBC}") = "PMI", "src\pmi\PMI.csproj", "{829E459B-EE3D-46A9-AD4D-4F2B03D5188C}"
EndProject
Global
	GlobalSection(SolutionConfigurationPlatforms) = preSolution
		Debug|Any CPU = Debug|Any CPU
		Debug|x64 = Debug|x64
		Debug|x86 = Debug|x86
		Release|Any CPU = Release|Any CPU
		Release|x64 = Release|x64
		Release|x86 = Release|x86
	EndGlobalSection
	GlobalSection(SolutionProperties) = preSolution
		HideSolutionNode = FALSE
	EndGlobalSection
	GlobalSection(ProjectConfigurationPlatforms) = postSolution
		{5B781D3D-308C-4415-8C68-17D557B143B8}.Debug|Any CPU.ActiveCfg = Debug|Any CPU
		{5B781D3D-308C-4415-8C68-17D557B143B8}.Debug|Any CPU.Build.0 = Debug|Any CPU
		{5B781D3D-308C-4415-8C68-17D557B143B8}.Debug|x64.ActiveCfg = Debug|Any CPU
		{5B781D3D-308C-4415-8C68-17D557B143B8}.Debug|x64.Build.0 = Debug|Any CPU
		{5B781D3D-308C-4415-8C68-17D557B143B8}.Debug|x86.ActiveCfg = Debug|Any CPU
		{5B781D3D-308C-4415-8C68-17D557B143B8}.Debug|x86.Build.0 = Debug|Any CPU
		{5B781D3D-308C-4415-8C68-17D557B143B8}.Release|Any CPU.ActiveCfg = Release|Any CPU
		{5B781D3D-308C-4415-8C68-17D557B143B8}.Release|Any CPU.Build.0 = Release|Any CPU
		{5B781D3D-308C-4415-8C68-17D557B143B8}.Release|x64.ActiveCfg = Release|Any CPU
		{5B781D3D-308C-4415-8C68-17D557B143B8}.Release|x64.Build.0 = Release|Any CPU
		{5B781D3D-308C-4415-8C68-17D557B143B8}.Release|x86.ActiveCfg = Release|Any CPU
		{5B781D3D-308C-4415-8C68-17D557B143B8}.Release|x86.Build.0 = Release|Any CPU
		{BE601D81-9650-4755-84F8-F9BA57284C9D}.Debug|Any CPU.ActiveCfg = Debug|Any CPU
		{BE601D81-9650-4755-84F8-F9BA57284C9D}.Debug|Any CPU.Build.0 = Debug|Any CPU
		{BE601D81-9650-4755-84F8-F9BA57284C9D}.Debug|x64.ActiveCfg = Debug|Any CPU
		{BE601D81-9650-4755-84F8-F9BA57284C9D}.Debug|x64.Build.0 = Debug|Any CPU
		{BE601D81-9650-4755-84F8-F9BA57284C9D}.Debug|x86.ActiveCfg = Debug|Any CPU
		{BE601D81-9650-4755-84F8-F9BA57284C9D}.Debug|x86.Build.0 = Debug|Any CPU
		{BE601D81-9650-4755-84F8-F9BA57284C9D}.Release|Any CPU.ActiveCfg = Release|Any CPU
		{BE601D81-9650-4755-84F8-F9BA57284C9D}.Release|Any CPU.Build.0 = Release|Any CPU
		{BE601D81-9650-4755-84F8-F9BA57284C9D}.Release|x64.ActiveCfg = Release|Any CPU
		{BE601D81-9650-4755-84F8-F9BA57284C9D}.Release|x64.Build.0 = Release|Any CPU
		{BE601D81-9650-4755-84F8-F9BA57284C9D}.Release|x86.ActiveCfg = Release|Any CPU
		{BE601D81-9650-4755-84F8-F9BA57284C9D}.Release|x86.Build.0 = Release|Any CPU
		{C4C9F6AA-A360-4B27-A8E8-AB55FC383614}.Debug|Any CPU.ActiveCfg = Debug|Any CPU
		{C4C9F6AA-A360-4B27-A8E8-AB55FC383614}.Debug|Any CPU.Build.0 = Debug|Any CPU
		{C4C9F6AA-A360-4B27-A8E8-AB55FC383614}.Debug|x64.ActiveCfg = Debug|Any CPU
		{C4C9F6AA-A360-4B27-A8E8-AB55FC383614}.Debug|x64.Build.0 = Debug|Any CPU
		{C4C9F6AA-A360-4B27-A8E8-AB55FC383614}.Debug|x86.ActiveCfg = Debug|Any CPU
		{C4C9F6AA-A360-4B27-A8E8-AB55FC383614}.Debug|x86.Build.0 = Debug|Any CPU
		{C4C9F6AA-A360-4B27-A8E8-AB55FC383614}.Release|Any CPU.ActiveCfg = Release|Any CPU
		{C4C9F6AA-A360-4B27-A8E8-AB55FC383614}.Release|Any CPU.Build.0 = Release|Any CPU
		{C4C9F6AA-A360-4B27-A8E8-AB55FC383614}.Release|x64.ActiveCfg = Release|Any CPU
		{C4C9F6AA-A360-4B27-A8E8-AB55FC383614}.Release|x64.Build.0 = Release|Any CPU
		{C4C9F6AA-A360-4B27-A8E8-AB55FC383614}.Release|x86.ActiveCfg = Release|Any CPU
		{C4C9F6AA-A360-4B27-A8E8-AB55FC383614}.Release|x86.Build.0 = Release|Any CPU
		{928320EE-2058-446D-A46E-6C795BBE7C68}.Debug|Any CPU.ActiveCfg = Debug|Any CPU
		{928320EE-2058-446D-A46E-6C795BBE7C68}.Debug|Any CPU.Build.0 = Debug|Any CPU
		{928320EE-2058-446D-A46E-6C795BBE7C68}.Debug|x64.ActiveCfg = Debug|Any CPU
		{928320EE-2058-446D-A46E-6C795BBE7C68}.Debug|x64.Build.0 = Debug|Any CPU
		{928320EE-2058-446D-A46E-6C795BBE7C68}.Debug|x86.ActiveCfg = Debug|Any CPU
		{928320EE-2058-446D-A46E-6C795BBE7C68}.Debug|x86.Build.0 = Debug|Any CPU
		{928320EE-2058-446D-A46E-6C795BBE7C68}.Release|Any CPU.ActiveCfg = Release|Any CPU
		{928320EE-2058-446D-A46E-6C795BBE7C68}.Release|Any CPU.Build.0 = Release|Any CPU
		{928320EE-2058-446D-A46E-6C795BBE7C68}.Release|x64.ActiveCfg = Release|Any CPU
		{928320EE-2058-446D-A46E-6C795BBE7C68}.Release|x64.Build.0 = Release|Any CPU
		{928320EE-2058-446D-A46E-6C795BBE7C68}.Release|x86.ActiveCfg = Release|Any CPU
		{928320EE-2058-446D-A46E-6C795BBE7C68}.Release|x86.Build.0 = Release|Any CPU
		{37E93DAF-2993-4DF0-9E82-06817A3B7956}.Debug|Any CPU.ActiveCfg = Debug|Any CPU
		{37E93DAF-2993-4DF0-9E82-06817A3B7956}.Debug|Any CPU.Build.0 = Debug|Any CPU
		{37E93DAF-2993-4DF0-9E82-06817A3B7956}.Debug|x64.ActiveCfg = Debug|Any CPU
		{37E93DAF-2993-4DF0-9E82-06817A3B7956}.Debug|x64.Build.0 = Debug|Any CPU
		{37E93DAF-2993-4DF0-9E82-06817A3B7956}.Debug|x86.ActiveCfg = Debug|Any CPU
		{37E93DAF-2993-4DF0-9E82-06817A3B7956}.Debug|x86.Build.0 = Debug|Any CPU
		{37E93DAF-2993-4DF0-9E82-06817A3B7956}.Release|Any CPU.ActiveCfg = Release|Any CPU
		{37E93DAF-2993-4DF0-9E82-06817A3B7956}.Release|Any CPU.Build.0 = Release|Any CPU
		{37E93DAF-2993-4DF0-9E82-06817A3B7956}.Release|x64.ActiveCfg = Release|Any CPU
		{37E93DAF-2993-4DF0-9E82-06817A3B7956}.Release|x64.Build.0 = Release|Any CPU
		{37E93DAF-2993-4DF0-9E82-06817A3B7956}.Release|x86.ActiveCfg = Release|Any CPU
		{37E93DAF-2993-4DF0-9E82-06817A3B7956}.Release|x86.Build.0 = Release|Any CPU
		{19436C6B-39C9-4A88-8021-3242D098637E}.Debug|Any CPU.ActiveCfg = Debug|Any CPU
		{19436C6B-39C9-4A88-8021-3242D098637E}.Debug|Any CPU.Build.0 = Debug|Any CPU
		{19436C6B-39C9-4A88-8021-3242D098637E}.Debug|x64.ActiveCfg = Debug|Any CPU
		{19436C6B-39C9-4A88-8021-3242D098637E}.Debug|x64.Build.0 = Debug|Any CPU
		{19436C6B-39C9-4A88-8021-3242D098637E}.Debug|x86.ActiveCfg = Debug|Any CPU
		{19436C6B-39C9-4A88-8021-3242D098637E}.Debug|x86.Build.0 = Debug|Any CPU
		{19436C6B-39C9-4A88-8021-3242D098637E}.Release|Any CPU.ActiveCfg = Release|Any CPU
		{19436C6B-39C9-4A88-8021-3242D098637E}.Release|Any CPU.Build.0 = Release|Any CPU
		{19436C6B-39C9-4A88-8021-3242D098637E}.Release|x64.ActiveCfg = Release|Any CPU
		{19436C6B-39C9-4A88-8021-3242D098637E}.Release|x64.Build.0 = Release|Any CPU
		{19436C6B-39C9-4A88-8021-3242D098637E}.Release|x86.ActiveCfg = Release|Any CPU
		{19436C6B-39C9-4A88-8021-3242D098637E}.Release|x86.Build.0 = Release|Any CPU
		{829E459B-EE3D-46A9-AD4D-4F2B03D5188C}.Debug|Any CPU.ActiveCfg = Debug|Any CPU
		{829E459B-EE3D-46A9-AD4D-4F2B03D5188C}.Debug|Any CPU.Build.0 = Debug|Any CPU
		{829E459B-EE3D-46A9-AD4D-4F2B03D5188C}.Debug|x64.ActiveCfg = Debug|Any CPU
		{829E459B-EE3D-46A9-AD4D-4F2B03D5188C}.Debug|x64.Build.0 = Debug|Any CPU
		{829E459B-EE3D-46A9-AD4D-4F2B03D5188C}.Debug|x86.ActiveCfg = Debug|Any CPU
		{829E459B-EE3D-46A9-AD4D-4F2B03D5188C}.Debug|x86.Build.0 = Debug|Any CPU
		{829E459B-EE3D-46A9-AD4D-4F2B03D5188C}.Release|Any CPU.ActiveCfg = Release|Any CPU
		{829E459B-EE3D-46A9-AD4D-4F2B03D5188C}.Release|Any CPU.Build.0 = Release|Any CPU
		{829E459B-EE3D-46A9-AD4D-4F2B03D5188C}.Release|x64.ActiveCfg = Release|Any CPU
		{829E459B-EE3D-46A9-AD4D-4F2B03D5188C}.Release|x64.Build.0 = Release|Any CPU
		{829E459B-EE3D-46A9-AD4D-4F2B03D5188C}.Release|x86.ActiveCfg = Release|Any CPU
		{829E459B-EE3D-46A9-AD4D-4F2B03D5188C}.Release|x86.Build.0 = Release|Any CPU
	EndGlobalSection
	GlobalSection(NestedProjects) = preSolution
		{5B781D3D-308C-4415-8C68-17D557B143B8} = {69D45FDC-948D-464B-BF14-5675F291FC62}
		{BE601D81-9650-4755-84F8-F9BA57284C9D} = {69D45FDC-948D-464B-BF14-5675F291FC62}
		{C4C9F6AA-A360-4B27-A8E8-AB55FC383614} = {69D45FDC-948D-464B-BF14-5675F291FC62}
		{928320EE-2058-446D-A46E-6C795BBE7C68} = {69D45FDC-948D-464B-BF14-5675F291FC62}
		{37E93DAF-2993-4DF0-9E82-06817A3B7956} = {69D45FDC-948D-464B-BF14-5675F291FC62}
		{19436C6B-39C9-4A88-8021-3242D098637E} = {69D45FDC-948D-464B-BF14-5675F291FC62}
		{829E459B-EE3D-46A9-AD4D-4F2B03D5188C} = {69D45FDC-948D-464B-BF14-5675F291FC62}
	EndGlobalSection
EndGlobal
